<?xml version="1.0" encoding="UTF-8" standalone="yes" ?>
<CodeBlocks_project_file>
	<FileVersion major="1" minor="6" />
	<Project>
		<Option title="trains" />
		<Option pch_mode="2" />
		<Option compiler="gcc" />
		<Build>
			<Target title="Release">
				<Option output="bin/trains" prefix_auto="1" extension_auto="1" />
				<Option working_dir="bin" />
				<Option object_output="obj/Release/" />
				<Option type="0" />
				<Option compiler="gcc" />
				<Compiler>
					<Add option="-O2" />
					<Add option="-std=c++11" />
				</Compiler>
				<Linker>
					<Add option="-s" />
				</Linker>
			</Target>
			<Target title="Debug">
				<Option output="bin/trains" prefix_auto="1" extension_auto="1" />
				<Option working_dir="bin" />
				<Option object_output="obj/Release/" />
				<Option type="0" />
				<Option compiler="gcc" />
				<Compiler>
					<Add option="-std=c++11" />
					<Add option="-g" />
				</Compiler>
				<Linker>
					<Add library="wxpng" />
					<Add library="wxzlib" />
					<Add library="ole32" />
					<Add library="Comctl32" />
					<Add library="uuid" />
					<Add library="OleAut32" />
					<Add library="Winspool" />
					<Add library="ws2_32" />
					<Add library="wsock32" />
				</Linker>
			</Target>
		</Build>
		<Compiler>
			<Add option="-std=c++11" />
			<Add option="-D_mingw_" />
			<Add option="-DM3SimGraph" />
			<Add directory="$(#boost.include)" />
			<Add directory="src" />
			<Add directory="." />
			<Add directory="$(#wxwidgets.include)" />
			<Add directory="$(#wxwidgets.setup)" />
			<Add directory="src/ext" />
			<Add directory="$(#glew.include)" />
			<Add directory="$(#glm)" />
		</Compiler>
		<Linker>
			<Add library="boost_system-mgw49-mt-1_63" />
			<Add library="boost_filesystem-mgw49-mt-1_63" />
			<Add library="wxmsw31u" />
			<Add library="ws2_32" />
			<Add library="wsock32" />
			<Add library="Iphlpapi" />
			<Add library="wxpng" />
			<Add library="wxzlib" />
			<Add library="ole32" />
			<Add library="Comctl32" />
			<Add library="uuid" />
			<Add library="OleAut32" />
			<Add library="Winspool" />
			<Add library="wxexpat" />
			<Add library="version" />
			<Add library="shlwapi" />
			<Add library="wxmsw31u_gl" />
			<Add library="glew32s" />
			<Add library="opengl32" />
			<Add directory="$(#boost.lib)" />
			<Add directory="$(#wxwidgets.lib)" />
			<Add directory="$(#glew.lib)" />
		</Linker>
		<Unit filename="src/c3D.cpp" />
		<Unit filename="src/c3D.h" />
		<Unit filename="src/cSimulator.cpp" />
		<Unit filename="src/cSimulator.h" />
		<Unit filename="src/cStation.h" />
		<Unit filename="src/cTrain.cpp" />
		<Unit filename="src/cTrain.h" />
		<Unit filename="trains.cpp" />
		<Extensions>
			<code_completion />
			<envvars />
			<debugger />
		</Extensions>
	</Project>
</CodeBlocks_project_file>
